// !$*UTF8*$!
{
	archiveVersion = 1;
	classes = {
	};
	objectVersion = 46;
	objects = {

/* Begin PBXBuildFile section */
		0C517F2FAC70873D58FD5C60 /* libPods.a in Frameworks */ = {isa = PBXBuildFile; fileRef = 06F47DB6F48F9DEC4236E303 /* libPods.a */; };
		7D291F231BE08F7600E390CE /* main.m in Sources */ = {isa = PBXBuildFile; fileRef = 7D291F221BE08F7600E390CE /* main.m */; };
		7D291F261BE08F7600E390CE /* AppDelegate.m in Sources */ = {isa = PBXBuildFile; fileRef = 7D291F251BE08F7600E390CE /* AppDelegate.m */; };
		7D291F291BE08F7600E390CE /* ViewController.m in Sources */ = {isa = PBXBuildFile; fileRef = 7D291F281BE08F7600E390CE /* ViewController.m */; };
		7D291F2C1BE08F7600E390CE /* Main.storyboard in Resources */ = {isa = PBXBuildFile; fileRef = 7D291F2A1BE08F7600E390CE /* Main.storyboard */; };
		7D291F2E1BE08F7600E390CE /* Images.xcassets in Resources */ = {isa = PBXBuildFile; fileRef = 7D291F2D1BE08F7600E390CE /* Images.xcassets */; };
		7D291F311BE08F7600E390CE /* LaunchScreen.xib in Resources */ = {isa = PBXBuildFile; fileRef = 7D291F2F1BE08F7600E390CE /* LaunchScreen.xib */; };
		7D291F3D1BE08F7600E390CE /* MobilePaysTests.m in Sources */ = {isa = PBXBuildFile; fileRef = 7D291F3C1BE08F7600E390CE /* MobilePaysTests.m */; };
		7D291F4A1BE096F700E390CE /* AlipaySDK.bundle in Resources */ = {isa = PBXBuildFile; fileRef = 7D291F481BE096F700E390CE /* AlipaySDK.bundle */; };
		7D291F4B1BE096F700E390CE /* AlipaySDK.framework in Frameworks */ = {isa = PBXBuildFile; fileRef = 7D291F491BE096F700E390CE /* AlipaySDK.framework */; };
		7D291F4D1BE0974400E390CE /* libz.dylib in Frameworks */ = {isa = PBXBuildFile; fileRef = 7D291F4C1BE0974400E390CE /* libz.dylib */; };
		7D291F4F1BE0974C00E390CE /* SystemConfiguration.framework in Frameworks */ = {isa = PBXBuildFile; fileRef = 7D291F4E1BE0974C00E390CE /* SystemConfiguration.framework */; };
		7D291F511BE0975100E390CE /* CoreTelephony.framework in Frameworks */ = {isa = PBXBuildFile; fileRef = 7D291F501BE0975100E390CE /* CoreTelephony.framework */; };
		7D291F531BE0975900E390CE /* QuartzCore.framework in Frameworks */ = {isa = PBXBuildFile; fileRef = 7D291F521BE0975900E390CE /* QuartzCore.framework */; };
		7D291F551BE0975E00E390CE /* CoreText.framework in Frameworks */ = {isa = PBXBuildFile; fileRef = 7D291F541BE0975E00E390CE /* CoreText.framework */; };
		7D291F571BE0976600E390CE /* CoreGraphics.framework in Frameworks */ = {isa = PBXBuildFile; fileRef = 7D291F561BE0976600E390CE /* CoreGraphics.framework */; };
		7D291F591BE0977400E390CE /* UIKit.framework in Frameworks */ = {isa = PBXBuildFile; fileRef = 7D291F581BE0977400E390CE /* UIKit.framework */; };
		7D291F5B1BE0977A00E390CE /* Foundation.framework in Frameworks */ = {isa = PBXBuildFile; fileRef = 7D291F5A1BE0977A00E390CE /* Foundation.framework */; };
		7D291FC01BE09C2000E390CE /* APAuthV2Info.m in Sources */ = {isa = PBXBuildFile; fileRef = 7D291F5F1BE09C2000E390CE /* APAuthV2Info.m */; };
		7D291FC11BE09C2000E390CE /* Order.m in Sources */ = {isa = PBXBuildFile; fileRef = 7D291FAD1BE09C2000E390CE /* Order.m */; };
		7D291FC21BE09C2000E390CE /* base64.m in Sources */ = {isa = PBXBuildFile; fileRef = 7D291FB01BE09C2000E390CE /* base64.m */; settings = {COMPILER_FLAGS = "-fno-objc-arc"; }; };
		7D291FC31BE09C2000E390CE /* DataSigner.m in Sources */ = {isa = PBXBuildFile; fileRef = 7D291FB31BE09C2000E390CE /* DataSigner.m */; };
		7D291FC41BE09C2000E390CE /* DataVerifier.m in Sources */ = {isa = PBXBuildFile; fileRef = 7D291FB51BE09C2000E390CE /* DataVerifier.m */; };
		7D291FC51BE09C2000E390CE /* MD5DataSigner.m in Sources */ = {isa = PBXBuildFile; fileRef = 7D291FB71BE09C2000E390CE /* MD5DataSigner.m */; };
		7D291FC61BE09C2000E390CE /* NSDataEx.m in Sources */ = {isa = PBXBuildFile; fileRef = 7D291FB91BE09C2000E390CE /* NSDataEx.m */; };
		7D291FC71BE09C2000E390CE /* openssl_wrapper.m in Sources */ = {isa = PBXBuildFile; fileRef = 7D291FBB1BE09C2000E390CE /* openssl_wrapper.m */; };
		7D291FC81BE09C2000E390CE /* RSADataSigner.m in Sources */ = {isa = PBXBuildFile; fileRef = 7D291FBD1BE09C2000E390CE /* RSADataSigner.m */; };
		7D291FC91BE09C2000E390CE /* RSADataVerifier.m in Sources */ = {isa = PBXBuildFile; fileRef = 7D291FBF1BE09C2000E390CE /* RSADataVerifier.m */; };
		7D291FCD1BE0AB3300E390CE /* libcrypto.a in Frameworks */ = {isa = PBXBuildFile; fileRef = 7D291FCB1BE0AB3300E390CE /* libcrypto.a */; };
		7D291FCE1BE0AB3300E390CE /* libssl.a in Frameworks */ = {isa = PBXBuildFile; fileRef = 7D291FCC1BE0AB3300E390CE /* libssl.a */; };
		7D2920911BE1CBB600E390CE /* CommonUtil.m in Sources */ = {isa = PBXBuildFile; fileRef = 7D2920891BE1CBB600E390CE /* CommonUtil.m */; };
		7D2920921BE1CBB600E390CE /* libWeChatSDK.a in Frameworks */ = {isa = PBXBuildFile; fileRef = 7D29208C1BE1CBB600E390CE /* libWeChatSDK.a */; };
		7D2920931BE1CBB600E390CE /* WXPayClient.m in Sources */ = {isa = PBXBuildFile; fileRef = 7D2920901BE1CBB600E390CE /* WXPayClient.m */; };
/* End PBXBuildFile section */

/* Begin PBXContainerItemProxy section */
		7D291F371BE08F7600E390CE /* PBXContainerItemProxy */ = {
			isa = PBXContainerItemProxy;
			containerPortal = 7D291F151BE08F7600E390CE /* Project object */;
			proxyType = 1;
			remoteGlobalIDString = 7D291F1C1BE08F7600E390CE;
			remoteInfo = MobilePays;
		};
/* End PBXContainerItemProxy section */

/* Begin PBXFileReference section */
		06F47DB6F48F9DEC4236E303 /* libPods.a */ = {isa = PBXFileReference; explicitFileType = archive.ar; includeInIndex = 0; path = libPods.a; sourceTree = BUILT_PRODUCTS_DIR; };
		7D291F1D1BE08F7600E390CE /* MobilePays.app */ = {isa = PBXFileReference; explicitFileType = wrapper.application; includeInIndex = 0; path = MobilePays.app; sourceTree = BUILT_PRODUCTS_DIR; };
		7D291F211BE08F7600E390CE /* Info.plist */ = {isa = PBXFileReference; lastKnownFileType = text.plist.xml; path = Info.plist; sourceTree = "<group>"; };
		7D291F221BE08F7600E390CE /* main.m */ = {isa = PBXFileReference; lastKnownFileType = sourcecode.c.objc; path = main.m; sourceTree = "<group>"; };
		7D291F241BE08F7600E390CE /* AppDelegate.h */ = {isa = PBXFileReference; lastKnownFileType = sourcecode.c.h; path = AppDelegate.h; sourceTree = "<group>"; };
		7D291F251BE08F7600E390CE /* AppDelegate.m */ = {isa = PBXFileReference; lastKnownFileType = sourcecode.c.objc; path = AppDelegate.m; sourceTree = "<group>"; };
		7D291F271BE08F7600E390CE /* ViewController.h */ = {isa = PBXFileReference; lastKnownFileType = sourcecode.c.h; path = ViewController.h; sourceTree = "<group>"; };
		7D291F281BE08F7600E390CE /* ViewController.m */ = {isa = PBXFileReference; lastKnownFileType = sourcecode.c.objc; path = ViewController.m; sourceTree = "<group>"; };
		7D291F2B1BE08F7600E390CE /* Base */ = {isa = PBXFileReference; lastKnownFileType = file.storyboard; name = Base; path = Base.lproj/Main.storyboard; sourceTree = "<group>"; };
		7D291F2D1BE08F7600E390CE /* Images.xcassets */ = {isa = PBXFileReference; lastKnownFileType = folder.assetcatalog; path = Images.xcassets; sourceTree = "<group>"; };
		7D291F301BE08F7600E390CE /* Base */ = {isa = PBXFileReference; lastKnownFileType = file.xib; name = Base; path = Base.lproj/LaunchScreen.xib; sourceTree = "<group>"; };
		7D291F361BE08F7600E390CE /* MobilePaysTests.xctest */ = {isa = PBXFileReference; explicitFileType = wrapper.cfbundle; includeInIndex = 0; path = MobilePaysTests.xctest; sourceTree = BUILT_PRODUCTS_DIR; };
		7D291F3B1BE08F7600E390CE /* Info.plist */ = {isa = PBXFileReference; lastKnownFileType = text.plist.xml; path = Info.plist; sourceTree = "<group>"; };
		7D291F3C1BE08F7600E390CE /* MobilePaysTests.m */ = {isa = PBXFileReference; lastKnownFileType = sourcecode.c.objc; path = MobilePaysTests.m; sourceTree = "<group>"; };
		7D291F481BE096F700E390CE /* AlipaySDK.bundle */ = {isa = PBXFileReference; lastKnownFileType = "wrapper.plug-in"; path = AlipaySDK.bundle; sourceTree = "<group>"; };
		7D291F491BE096F700E390CE /* AlipaySDK.framework */ = {isa = PBXFileReference; lastKnownFileType = wrapper.framework; path = AlipaySDK.framework; sourceTree = "<group>"; };
		7D291F4C1BE0974400E390CE /* libz.dylib */ = {isa = PBXFileReference; lastKnownFileType = "compiled.mach-o.dylib"; name = libz.dylib; path = usr/lib/libz.dylib; sourceTree = SDKROOT; };
		7D291F4E1BE0974C00E390CE /* SystemConfiguration.framework */ = {isa = PBXFileReference; lastKnownFileType = wrapper.framework; name = SystemConfiguration.framework; path = System/Library/Frameworks/SystemConfiguration.framework; sourceTree = SDKROOT; };
		7D291F501BE0975100E390CE /* CoreTelephony.framework */ = {isa = PBXFileReference; lastKnownFileType = wrapper.framework; name = CoreTelephony.framework; path = System/Library/Frameworks/CoreTelephony.framework; sourceTree = SDKROOT; };
		7D291F521BE0975900E390CE /* QuartzCore.framework */ = {isa = PBXFileReference; lastKnownFileType = wrapper.framework; name = QuartzCore.framework; path = System/Library/Frameworks/QuartzCore.framework; sourceTree = SDKROOT; };
		7D291F541BE0975E00E390CE /* CoreText.framework */ = {isa = PBXFileReference; lastKnownFileType = wrapper.framework; name = CoreText.framework; path = System/Library/Frameworks/CoreText.framework; sourceTree = SDKROOT; };
		7D291F561BE0976600E390CE /* CoreGraphics.framework */ = {isa = PBXFileReference; lastKnownFileType = wrapper.framework; name = CoreGraphics.framework; path = System/Library/Frameworks/CoreGraphics.framework; sourceTree = SDKROOT; };
		7D291F581BE0977400E390CE /* UIKit.framework */ = {isa = PBXFileReference; lastKnownFileType = wrapper.framework; name = UIKit.framework; path = System/Library/Frameworks/UIKit.framework; sourceTree = SDKROOT; };
		7D291F5A1BE0977A00E390CE /* Foundation.framework */ = {isa = PBXFileReference; lastKnownFileType = wrapper.framework; name = Foundation.framework; path = System/Library/Frameworks/Foundation.framework; sourceTree = SDKROOT; };
		7D291F5E1BE09C2000E390CE /* APAuthV2Info.h */ = {isa = PBXFileReference; fileEncoding = 4; lastKnownFileType = sourcecode.c.h; path = APAuthV2Info.h; sourceTree = "<group>"; };
		7D291F5F1BE09C2000E390CE /* APAuthV2Info.m */ = {isa = PBXFileReference; fileEncoding = 4; lastKnownFileType = sourcecode.c.objc; path = APAuthV2Info.m; sourceTree = "<group>"; };
		7D291F611BE09C2000E390CE /* aes.h */ = {isa = PBXFileReference; fileEncoding = 4; lastKnownFileType = sourcecode.c.h; path = aes.h; sourceTree = "<group>"; };
		7D291F621BE09C2000E390CE /* asn1.h */ = {isa = PBXFileReference; fileEncoding = 4; lastKnownFileType = sourcecode.c.h; path = asn1.h; sourceTree = "<group>"; };
		7D291F631BE09C2000E390CE /* asn1_mac.h */ = {isa = PBXFileReference; fileEncoding = 4; lastKnownFileType = sourcecode.c.h; path = asn1_mac.h; sourceTree = "<group>"; };
		7D291F641BE09C2000E390CE /* asn1t.h */ = {isa = PBXFileReference; fileEncoding = 4; lastKnownFileType = sourcecode.c.h; path = asn1t.h; sourceTree = "<group>"; };
		7D291F651BE09C2000E390CE /* bio.h */ = {isa = PBXFileReference; fileEncoding = 4; lastKnownFileType = sourcecode.c.h; path = bio.h; sourceTree = "<group>"; };
		7D291F661BE09C2000E390CE /* blowfish.h */ = {isa = PBXFileReference; fileEncoding = 4; lastKnownFileType = sourcecode.c.h; path = blowfish.h; sourceTree = "<group>"; };
		7D291F671BE09C2000E390CE /* bn.h */ = {isa = PBXFileReference; fileEncoding = 4; lastKnownFileType = sourcecode.c.h; path = bn.h; sourceTree = "<group>"; };
		7D291F681BE09C2000E390CE /* buffer.h */ = {isa = PBXFileReference; fileEncoding = 4; lastKnownFileType = sourcecode.c.h; path = buffer.h; sourceTree = "<group>"; };
		7D291F691BE09C2000E390CE /* camellia.h */ = {isa = PBXFileReference; fileEncoding = 4; lastKnownFileType = sourcecode.c.h; path = camellia.h; sourceTree = "<group>"; };
		7D291F6A1BE09C2000E390CE /* cast.h */ = {isa = PBXFileReference; fileEncoding = 4; lastKnownFileType = sourcecode.c.h; path = cast.h; sourceTree = "<group>"; };
		7D291F6B1BE09C2000E390CE /* cmac.h */ = {isa = PBXFileReference; fileEncoding = 4; lastKnownFileType = sourcecode.c.h; path = cmac.h; sourceTree = "<group>"; };
		7D291F6C1BE09C2000E390CE /* cms.h */ = {isa = PBXFileReference; fileEncoding = 4; lastKnownFileType = sourcecode.c.h; path = cms.h; sourceTree = "<group>"; };
		7D291F6D1BE09C2000E390CE /* comp.h */ = {isa = PBXFileReference; fileEncoding = 4; lastKnownFileType = sourcecode.c.h; path = comp.h; sourceTree = "<group>"; };
		7D291F6E1BE09C2000E390CE /* conf.h */ = {isa = PBXFileReference; fileEncoding = 4; lastKnownFileType = sourcecode.c.h; path = conf.h; sourceTree = "<group>"; };
		7D291F6F1BE09C2000E390CE /* conf_api.h */ = {isa = PBXFileReference; fileEncoding = 4; lastKnownFileType = sourcecode.c.h; path = conf_api.h; sourceTree = "<group>"; };
		7D291F701BE09C2000E390CE /* crypto.h */ = {isa = PBXFileReference; fileEncoding = 4; lastKnownFileType = sourcecode.c.h; path = crypto.h; sourceTree = "<group>"; };
		7D291F711BE09C2000E390CE /* des.h */ = {isa = PBXFileReference; fileEncoding = 4; lastKnownFileType = sourcecode.c.h; path = des.h; sourceTree = "<group>"; };
		7D291F721BE09C2000E390CE /* des_old.h */ = {isa = PBXFileReference; fileEncoding = 4; lastKnownFileType = sourcecode.c.h; path = des_old.h; sourceTree = "<group>"; };
		7D291F731BE09C2000E390CE /* dh.h */ = {isa = PBXFileReference; fileEncoding = 4; lastKnownFileType = sourcecode.c.h; path = dh.h; sourceTree = "<group>"; };
		7D291F741BE09C2000E390CE /* dsa.h */ = {isa = PBXFileReference; fileEncoding = 4; lastKnownFileType = sourcecode.c.h; path = dsa.h; sourceTree = "<group>"; };
		7D291F751BE09C2000E390CE /* dso.h */ = {isa = PBXFileReference; fileEncoding = 4; lastKnownFileType = sourcecode.c.h; path = dso.h; sourceTree = "<group>"; };
		7D291F761BE09C2000E390CE /* dtls1.h */ = {isa = PBXFileReference; fileEncoding = 4; lastKnownFileType = sourcecode.c.h; path = dtls1.h; sourceTree = "<group>"; };
		7D291F771BE09C2000E390CE /* e_os2.h */ = {isa = PBXFileReference; fileEncoding = 4; lastKnownFileType = sourcecode.c.h; path = e_os2.h; sourceTree = "<group>"; };
		7D291F781BE09C2000E390CE /* ebcdic.h */ = {isa = PBXFileReference; fileEncoding = 4; lastKnownFileType = sourcecode.c.h; path = ebcdic.h; sourceTree = "<group>"; };
		7D291F791BE09C2000E390CE /* ec.h */ = {isa = PBXFileReference; fileEncoding = 4; lastKnownFileType = sourcecode.c.h; path = ec.h; sourceTree = "<group>"; };
		7D291F7A1BE09C2000E390CE /* ecdh.h */ = {isa = PBXFileReference; fileEncoding = 4; lastKnownFileType = sourcecode.c.h; path = ecdh.h; sourceTree = "<group>"; };
		7D291F7B1BE09C2000E390CE /* ecdsa.h */ = {isa = PBXFileReference; fileEncoding = 4; lastKnownFileType = sourcecode.c.h; path = ecdsa.h; sourceTree = "<group>"; };
		7D291F7C1BE09C2000E390CE /* engine.h */ = {isa = PBXFileReference; fileEncoding = 4; lastKnownFileType = sourcecode.c.h; path = engine.h; sourceTree = "<group>"; };
		7D291F7D1BE09C2000E390CE /* err.h */ = {isa = PBXFileReference; fileEncoding = 4; lastKnownFileType = sourcecode.c.h; path = err.h; sourceTree = "<group>"; };
		7D291F7E1BE09C2000E390CE /* evp.h */ = {isa = PBXFileReference; fileEncoding = 4; lastKnownFileType = sourcecode.c.h; path = evp.h; sourceTree = "<group>"; };
		7D291F7F1BE09C2000E390CE /* hmac.h */ = {isa = PBXFileReference; fileEncoding = 4; lastKnownFileType = sourcecode.c.h; path = hmac.h; sourceTree = "<group>"; };
		7D291F801BE09C2000E390CE /* idea.h */ = {isa = PBXFileReference; fileEncoding = 4; lastKnownFileType = sourcecode.c.h; path = idea.h; sourceTree = "<group>"; };
		7D291F811BE09C2000E390CE /* krb5_asn.h */ = {isa = PBXFileReference; fileEncoding = 4; lastKnownFileType = sourcecode.c.h; path = krb5_asn.h; sourceTree = "<group>"; };
		7D291F821BE09C2000E390CE /* kssl.h */ = {isa = PBXFileReference; fileEncoding = 4; lastKnownFileType = sourcecode.c.h; path = kssl.h; sourceTree = "<group>"; };
		7D291F831BE09C2000E390CE /* lhash.h */ = {isa = PBXFileReference; fileEncoding = 4; lastKnownFileType = sourcecode.c.h; path = lhash.h; sourceTree = "<group>"; };
		7D291F841BE09C2000E390CE /* md4.h */ = {isa = PBXFileReference; fileEncoding = 4; lastKnownFileType = sourcecode.c.h; path = md4.h; sourceTree = "<group>"; };
		7D291F851BE09C2000E390CE /* md5.h */ = {isa = PBXFileReference; fileEncoding = 4; lastKnownFileType = sourcecode.c.h; path = md5.h; sourceTree = "<group>"; };
		7D291F861BE09C2000E390CE /* mdc2.h */ = {isa = PBXFileReference; fileEncoding = 4; lastKnownFileType = sourcecode.c.h; path = mdc2.h; sourceTree = "<group>"; };
		7D291F871BE09C2000E390CE /* modes.h */ = {isa = PBXFileReference; fileEncoding = 4; lastKnownFileType = sourcecode.c.h; path = modes.h; sourceTree = "<group>"; };
		7D291F881BE09C2000E390CE /* obj_mac.h */ = {isa = PBXFileReference; fileEncoding = 4; lastKnownFileType = sourcecode.c.h; path = obj_mac.h; sourceTree = "<group>"; };
		7D291F891BE09C2000E390CE /* objects.h */ = {isa = PBXFileReference; fileEncoding = 4; lastKnownFileType = sourcecode.c.h; path = objects.h; sourceTree = "<group>"; };
		7D291F8A1BE09C2000E390CE /* ocsp.h */ = {isa = PBXFileReference; fileEncoding = 4; lastKnownFileType = sourcecode.c.h; path = ocsp.h; sourceTree = "<group>"; };
		7D291F8B1BE09C2000E390CE /* opensslconf.h */ = {isa = PBXFileReference; fileEncoding = 4; lastKnownFileType = sourcecode.c.h; path = opensslconf.h; sourceTree = "<group>"; };
		7D291F8C1BE09C2000E390CE /* opensslv.h */ = {isa = PBXFileReference; fileEncoding = 4; lastKnownFileType = sourcecode.c.h; path = opensslv.h; sourceTree = "<group>"; };
		7D291F8D1BE09C2000E390CE /* ossl_typ.h */ = {isa = PBXFileReference; fileEncoding = 4; lastKnownFileType = sourcecode.c.h; path = ossl_typ.h; sourceTree = "<group>"; };
		7D291F8E1BE09C2000E390CE /* pem.h */ = {isa = PBXFileReference; fileEncoding = 4; lastKnownFileType = sourcecode.c.h; path = pem.h; sourceTree = "<group>"; };
		7D291F8F1BE09C2000E390CE /* pem2.h */ = {isa = PBXFileReference; fileEncoding = 4; lastKnownFileType = sourcecode.c.h; path = pem2.h; sourceTree = "<group>"; };
		7D291F901BE09C2000E390CE /* pkcs12.h */ = {isa = PBXFileReference; fileEncoding = 4; lastKnownFileType = sourcecode.c.h; path = pkcs12.h; sourceTree = "<group>"; };
		7D291F911BE09C2000E390CE /* pkcs7.h */ = {isa = PBXFileReference; fileEncoding = 4; lastKnownFileType = sourcecode.c.h; path = pkcs7.h; sourceTree = "<group>"; };
		7D291F921BE09C2000E390CE /* pqueue.h */ = {isa = PBXFileReference; fileEncoding = 4; lastKnownFileType = sourcecode.c.h; path = pqueue.h; sourceTree = "<group>"; };
		7D291F931BE09C2000E390CE /* rand.h */ = {isa = PBXFileReference; fileEncoding = 4; lastKnownFileType = sourcecode.c.h; path = rand.h; sourceTree = "<group>"; };
		7D291F941BE09C2000E390CE /* rc2.h */ = {isa = PBXFileReference; fileEncoding = 4; lastKnownFileType = sourcecode.c.h; path = rc2.h; sourceTree = "<group>"; };
		7D291F951BE09C2000E390CE /* rc4.h */ = {isa = PBXFileReference; fileEncoding = 4; lastKnownFileType = sourcecode.c.h; path = rc4.h; sourceTree = "<group>"; };
		7D291F961BE09C2000E390CE /* ripemd.h */ = {isa = PBXFileReference; fileEncoding = 4; lastKnownFileType = sourcecode.c.h; path = ripemd.h; sourceTree = "<group>"; };
		7D291F971BE09C2000E390CE /* rsa.h */ = {isa = PBXFileReference; fileEncoding = 4; lastKnownFileType = sourcecode.c.h; path = rsa.h; sourceTree = "<group>"; };
		7D291F981BE09C2000E390CE /* safestack.h */ = {isa = PBXFileReference; fileEncoding = 4; lastKnownFileType = sourcecode.c.h; path = safestack.h; sourceTree = "<group>"; };
		7D291F991BE09C2000E390CE /* seed.h */ = {isa = PBXFileReference; fileEncoding = 4; lastKnownFileType = sourcecode.c.h; path = seed.h; sourceTree = "<group>"; };
		7D291F9A1BE09C2000E390CE /* sha.h */ = {isa = PBXFileReference; fileEncoding = 4; lastKnownFileType = sourcecode.c.h; path = sha.h; sourceTree = "<group>"; };
		7D291F9B1BE09C2000E390CE /* srp.h */ = {isa = PBXFileReference; fileEncoding = 4; lastKnownFileType = sourcecode.c.h; path = srp.h; sourceTree = "<group>"; };
		7D291F9C1BE09C2000E390CE /* srtp.h */ = {isa = PBXFileReference; fileEncoding = 4; lastKnownFileType = sourcecode.c.h; path = srtp.h; sourceTree = "<group>"; };
		7D291F9D1BE09C2000E390CE /* ssl.h */ = {isa = PBXFileReference; fileEncoding = 4; lastKnownFileType = sourcecode.c.h; path = ssl.h; sourceTree = "<group>"; };
		7D291F9E1BE09C2000E390CE /* ssl2.h */ = {isa = PBXFileReference; fileEncoding = 4; lastKnownFileType = sourcecode.c.h; path = ssl2.h; sourceTree = "<group>"; };
		7D291F9F1BE09C2000E390CE /* ssl23.h */ = {isa = PBXFileReference; fileEncoding = 4; lastKnownFileType = sourcecode.c.h; path = ssl23.h; sourceTree = "<group>"; };
		7D291FA01BE09C2000E390CE /* ssl3.h */ = {isa = PBXFileReference; fileEncoding = 4; lastKnownFileType = sourcecode.c.h; path = ssl3.h; sourceTree = "<group>"; };
		7D291FA11BE09C2000E390CE /* stack.h */ = {isa = PBXFileReference; fileEncoding = 4; lastKnownFileType = sourcecode.c.h; path = stack.h; sourceTree = "<group>"; };
		7D291FA21BE09C2000E390CE /* symhacks.h */ = {isa = PBXFileReference; fileEncoding = 4; lastKnownFileType = sourcecode.c.h; path = symhacks.h; sourceTree = "<group>"; };
		7D291FA31BE09C2000E390CE /* tls1.h */ = {isa = PBXFileReference; fileEncoding = 4; lastKnownFileType = sourcecode.c.h; path = tls1.h; sourceTree = "<group>"; };
		7D291FA41BE09C2000E390CE /* ts.h */ = {isa = PBXFileReference; fileEncoding = 4; lastKnownFileType = sourcecode.c.h; path = ts.h; sourceTree = "<group>"; };
		7D291FA51BE09C2000E390CE /* txt_db.h */ = {isa = PBXFileReference; fileEncoding = 4; lastKnownFileType = sourcecode.c.h; path = txt_db.h; sourceTree = "<group>"; };
		7D291FA61BE09C2000E390CE /* ui.h */ = {isa = PBXFileReference; fileEncoding = 4; lastKnownFileType = sourcecode.c.h; path = ui.h; sourceTree = "<group>"; };
		7D291FA71BE09C2000E390CE /* ui_compat.h */ = {isa = PBXFileReference; fileEncoding = 4; lastKnownFileType = sourcecode.c.h; path = ui_compat.h; sourceTree = "<group>"; };
		7D291FA81BE09C2000E390CE /* whrlpool.h */ = {isa = PBXFileReference; fileEncoding = 4; lastKnownFileType = sourcecode.c.h; path = whrlpool.h; sourceTree = "<group>"; };
		7D291FA91BE09C2000E390CE /* x509.h */ = {isa = PBXFileReference; fileEncoding = 4; lastKnownFileType = sourcecode.c.h; path = x509.h; sourceTree = "<group>"; };
		7D291FAA1BE09C2000E390CE /* x509_vfy.h */ = {isa = PBXFileReference; fileEncoding = 4; lastKnownFileType = sourcecode.c.h; path = x509_vfy.h; sourceTree = "<group>"; };
		7D291FAB1BE09C2000E390CE /* x509v3.h */ = {isa = PBXFileReference; fileEncoding = 4; lastKnownFileType = sourcecode.c.h; path = x509v3.h; sourceTree = "<group>"; };
		7D291FAC1BE09C2000E390CE /* Order.h */ = {isa = PBXFileReference; fileEncoding = 4; lastKnownFileType = sourcecode.c.h; path = Order.h; sourceTree = "<group>"; };
		7D291FAD1BE09C2000E390CE /* Order.m */ = {isa = PBXFileReference; fileEncoding = 4; lastKnownFileType = sourcecode.c.objc; path = Order.m; sourceTree = "<group>"; };
		7D291FAF1BE09C2000E390CE /* base64.h */ = {isa = PBXFileReference; fileEncoding = 4; lastKnownFileType = sourcecode.c.h; path = base64.h; sourceTree = "<group>"; };
		7D291FB01BE09C2000E390CE /* base64.m */ = {isa = PBXFileReference; fileEncoding = 4; lastKnownFileType = sourcecode.c.objc; path = base64.m; sourceTree = "<group>"; };
		7D291FB11BE09C2000E390CE /* config.h */ = {isa = PBXFileReference; fileEncoding = 4; lastKnownFileType = sourcecode.c.h; path = config.h; sourceTree = "<group>"; };
		7D291FB21BE09C2000E390CE /* DataSigner.h */ = {isa = PBXFileReference; fileEncoding = 4; lastKnownFileType = sourcecode.c.h; path = DataSigner.h; sourceTree = "<group>"; };
		7D291FB31BE09C2000E390CE /* DataSigner.m */ = {isa = PBXFileReference; fileEncoding = 4; lastKnownFileType = sourcecode.c.objc; path = DataSigner.m; sourceTree = "<group>"; };
		7D291FB41BE09C2000E390CE /* DataVerifier.h */ = {isa = PBXFileReference; fileEncoding = 4; lastKnownFileType = sourcecode.c.h; path = DataVerifier.h; sourceTree = "<group>"; };
		7D291FB51BE09C2000E390CE /* DataVerifier.m */ = {isa = PBXFileReference; fileEncoding = 4; lastKnownFileType = sourcecode.c.objc; path = DataVerifier.m; sourceTree = "<group>"; };
		7D291FB61BE09C2000E390CE /* MD5DataSigner.h */ = {isa = PBXFileReference; fileEncoding = 4; lastKnownFileType = sourcecode.c.h; path = MD5DataSigner.h; sourceTree = "<group>"; };
		7D291FB71BE09C2000E390CE /* MD5DataSigner.m */ = {isa = PBXFileReference; fileEncoding = 4; lastKnownFileType = sourcecode.c.objc; path = MD5DataSigner.m; sourceTree = "<group>"; };
		7D291FB81BE09C2000E390CE /* NSDataEx.h */ = {isa = PBXFileReference; fileEncoding = 4; lastKnownFileType = sourcecode.c.h; path = NSDataEx.h; sourceTree = "<group>"; };
		7D291FB91BE09C2000E390CE /* NSDataEx.m */ = {isa = PBXFileReference; fileEncoding = 4; lastKnownFileType = sourcecode.c.objc; path = NSDataEx.m; sourceTree = "<group>"; };
		7D291FBA1BE09C2000E390CE /* openssl_wrapper.h */ = {isa = PBXFileReference; fileEncoding = 4; lastKnownFileType = sourcecode.c.h; path = openssl_wrapper.h; sourceTree = "<group>"; };
		7D291FBB1BE09C2000E390CE /* openssl_wrapper.m */ = {isa = PBXFileReference; fileEncoding = 4; lastKnownFileType = sourcecode.c.objc; path = openssl_wrapper.m; sourceTree = "<group>"; };
		7D291FBC1BE09C2000E390CE /* RSADataSigner.h */ = {isa = PBXFileReference; fileEncoding = 4; lastKnownFileType = sourcecode.c.h; path = RSADataSigner.h; sourceTree = "<group>"; };
		7D291FBD1BE09C2000E390CE /* RSADataSigner.m */ = {isa = PBXFileReference; fileEncoding = 4; lastKnownFileType = sourcecode.c.objc; path = RSADataSigner.m; sourceTree = "<group>"; };
		7D291FBE1BE09C2000E390CE /* RSADataVerifier.h */ = {isa = PBXFileReference; fileEncoding = 4; lastKnownFileType = sourcecode.c.h; path = RSADataVerifier.h; sourceTree = "<group>"; };
		7D291FBF1BE09C2000E390CE /* RSADataVerifier.m */ = {isa = PBXFileReference; fileEncoding = 4; lastKnownFileType = sourcecode.c.objc; path = RSADataVerifier.m; sourceTree = "<group>"; };
		7D291FCA1BE09E9400E390CE /* RLPrefix.pch */ = {isa = PBXFileReference; fileEncoding = 4; lastKnownFileType = sourcecode.c.h; path = RLPrefix.pch; sourceTree = "<group>"; };
		7D291FCB1BE0AB3300E390CE /* libcrypto.a */ = {isa = PBXFileReference; lastKnownFileType = archive.ar; path = libcrypto.a; sourceTree = "<group>"; };
		7D291FCC1BE0AB3300E390CE /* libssl.a */ = {isa = PBXFileReference; lastKnownFileType = archive.ar; path = libssl.a; sourceTree = "<group>"; };
		7D2920861BE1CA1800E390CE /* StringConstants.h */ = {isa = PBXFileReference; fileEncoding = 4; lastKnownFileType = sourcecode.c.h; path = StringConstants.h; sourceTree = "<group>"; };
		7D2920881BE1CBB600E390CE /* CommonUtil.h */ = {isa = PBXFileReference; fileEncoding = 4; lastKnownFileType = sourcecode.c.h; path = CommonUtil.h; sourceTree = "<group>"; };
		7D2920891BE1CBB600E390CE /* CommonUtil.m */ = {isa = PBXFileReference; fileEncoding = 4; lastKnownFileType = sourcecode.c.objc; path = CommonUtil.m; sourceTree = "<group>"; };
		7D29208C1BE1CBB600E390CE /* libWeChatSDK.a */ = {isa = PBXFileReference; lastKnownFileType = archive.ar; path = libWeChatSDK.a; sourceTree = "<group>"; };
		7D29208D1BE1CBB600E390CE /* WXApi.h */ = {isa = PBXFileReference; fileEncoding = 4; lastKnownFileType = sourcecode.c.h; path = WXApi.h; sourceTree = "<group>"; };
		7D29208E1BE1CBB600E390CE /* WXApiObject.h */ = {isa = PBXFileReference; fileEncoding = 4; lastKnownFileType = sourcecode.c.h; path = WXApiObject.h; sourceTree = "<group>"; };
		7D29208F1BE1CBB600E390CE /* WXPayClient.h */ = {isa = PBXFileReference; fileEncoding = 4; lastKnownFileType = sourcecode.c.h; path = WXPayClient.h; sourceTree = "<group>"; };
		7D2920901BE1CBB600E390CE /* WXPayClient.m */ = {isa = PBXFileReference; fileEncoding = 4; lastKnownFileType = sourcecode.c.objc; path = WXPayClient.m; sourceTree = "<group>"; };
		7D8AFF7A1BE1F5DF0007D7DB /* Constant.h */ = {isa = PBXFileReference; fileEncoding = 4; lastKnownFileType = sourcecode.c.h; path = Constant.h; sourceTree = "<group>"; };
		882120ACE5946B49855D338C /* Pods.release.xcconfig */ = {isa = PBXFileReference; includeInIndex = 1; lastKnownFileType = text.xcconfig; name = Pods.release.xcconfig; path = "Pods/Target Support Files/Pods/Pods.release.xcconfig"; sourceTree = "<group>"; };
		DCC783D39B9CDCC005EC2F4D /* Pods.debug.xcconfig */ = {isa = PBXFileReference; includeInIndex = 1; lastKnownFileType = text.xcconfig; name = Pods.debug.xcconfig; path = "Pods/Target Support Files/Pods/Pods.debug.xcconfig"; sourceTree = "<group>"; };
/* End PBXFileReference section */

/* Begin PBXFrameworksBuildPhase section */
		7D291F1A1BE08F7600E390CE /* Frameworks */ = {
			isa = PBXFrameworksBuildPhase;
			buildActionMask = 2147483647;
			files = (
				7D291F5B1BE0977A00E390CE /* Foundation.framework in Frameworks */,
				7D291F591BE0977400E390CE /* UIKit.framework in Frameworks */,
				7D2920921BE1CBB600E390CE /* libWeChatSDK.a in Frameworks */,
				7D291FCE1BE0AB3300E390CE /* libssl.a in Frameworks */,
				7D291F571BE0976600E390CE /* CoreGraphics.framework in Frameworks */,
				7D291F551BE0975E00E390CE /* CoreText.framework in Frameworks */,
				7D291F531BE0975900E390CE /* QuartzCore.framework in Frameworks */,
				7D291F511BE0975100E390CE /* CoreTelephony.framework in Frameworks */,
				7D291FCD1BE0AB3300E390CE /* libcrypto.a in Frameworks */,
				7D291F4F1BE0974C00E390CE /* SystemConfiguration.framework in Frameworks */,
				7D291F4D1BE0974400E390CE /* libz.dylib in Frameworks */,
				7D291F4B1BE096F700E390CE /* AlipaySDK.framework in Frameworks */,
				0C517F2FAC70873D58FD5C60 /* libPods.a in Frameworks */,
			);
			runOnlyForDeploymentPostprocessing = 0;
		};
		7D291F331BE08F7600E390CE /* Frameworks */ = {
			isa = PBXFrameworksBuildPhase;
			buildActionMask = 2147483647;
			files = (
			);
			runOnlyForDeploymentPostprocessing = 0;
		};
/* End PBXFrameworksBuildPhase section */

/* Begin PBXGroup section */
		56061E43A5DFA29902A34BA2 /* Pods */ = {
			isa = PBXGroup;
			children = (
				DCC783D39B9CDCC005EC2F4D /* Pods.debug.xcconfig */,
				882120ACE5946B49855D338C /* Pods.release.xcconfig */,
			);
			name = Pods;
			sourceTree = "<group>";
		};
		7D291F141BE08F7600E390CE = {
			isa = PBXGroup;
			children = (
				7D291F1F1BE08F7600E390CE /* MobilePays */,
				7D291F391BE08F7600E390CE /* MobilePaysTests */,
				7D291F1E1BE08F7600E390CE /* Products */,
				56061E43A5DFA29902A34BA2 /* Pods */,
				7EEBD7C3381C4C54897F9DFC /* Frameworks */,
			);
			sourceTree = "<group>";
		};
		7D291F1E1BE08F7600E390CE /* Products */ = {
			isa = PBXGroup;
			children = (
				7D291F1D1BE08F7600E390CE /* MobilePays.app */,
				7D291F361BE08F7600E390CE /* MobilePaysTests.xctest */,
			);
			name = Products;
			sourceTree = "<group>";
		};
		7D291F1F1BE08F7600E390CE /* MobilePays */ = {
			isa = PBXGroup;
			children = (
				7D291F241BE08F7600E390CE /* AppDelegate.h */,
				7D291F251BE08F7600E390CE /* AppDelegate.m */,
				7D291F271BE08F7600E390CE /* ViewController.h */,
				7D291F281BE08F7600E390CE /* ViewController.m */,
				7D291F5D1BE097D400E390CE /* Frameworks */,
				7D291F461BE096F700E390CE /* ThirdParty */,
				7D291F201BE08F7600E390CE /* Supporting Files */,
				7D291FCA1BE09E9400E390CE /* RLPrefix.pch */,
				7D2920861BE1CA1800E390CE /* StringConstants.h */,
			);
			path = MobilePays;
			sourceTree = "<group>";
		};
		7D291F201BE08F7600E390CE /* Supporting Files */ = {
			isa = PBXGroup;
			children = (
				7D291F2A1BE08F7600E390CE /* Main.storyboard */,
				7D291F2D1BE08F7600E390CE /* Images.xcassets */,
				7D291F2F1BE08F7600E390CE /* LaunchScreen.xib */,
				7D291F211BE08F7600E390CE /* Info.plist */,
				7D291F221BE08F7600E390CE /* main.m */,
			);
			name = "Supporting Files";
			sourceTree = "<group>";
		};
		7D291F391BE08F7600E390CE /* MobilePaysTests */ = {
			isa = PBXGroup;
			children = (
				7D291F3C1BE08F7600E390CE /* MobilePaysTests.m */,
				7D291F3A1BE08F7600E390CE /* Supporting Files */,
			);
			path = MobilePaysTests;
			sourceTree = "<group>";
		};
		7D291F3A1BE08F7600E390CE /* Supporting Files */ = {
			isa = PBXGroup;
			children = (
				7D291F3B1BE08F7600E390CE /* Info.plist */,
			);
			name = "Supporting Files";
			sourceTree = "<group>";
		};
		7D291F461BE096F700E390CE /* ThirdParty */ = {
			isa = PBXGroup;
			children = (
				7D2920871BE1CBB600E390CE /* WXPaySDK */,
				7D291F471BE096F700E390CE /* AliPaySDK */,
			);
			path = ThirdParty;
			sourceTree = "<group>";
		};
		7D291F471BE096F700E390CE /* AliPaySDK */ = {
			isa = PBXGroup;
			children = (
				7D291FCB1BE0AB3300E390CE /* libcrypto.a */,
				7D291FCC1BE0AB3300E390CE /* libssl.a */,
				7D291F5E1BE09C2000E390CE /* APAuthV2Info.h */,
				7D291F5F1BE09C2000E390CE /* APAuthV2Info.m */,
				7D291F601BE09C2000E390CE /* openssl */,
				7D291FAC1BE09C2000E390CE /* Order.h */,
				7D291FAD1BE09C2000E390CE /* Order.m */,
				7D291FAE1BE09C2000E390CE /* Util */,
				7D291F481BE096F700E390CE /* AlipaySDK.bundle */,
				7D291F491BE096F700E390CE /* AlipaySDK.framework */,
			);
			path = AliPaySDK;
			sourceTree = "<group>";
		};
		7D291F5D1BE097D400E390CE /* Frameworks */ = {
			isa = PBXGroup;
			children = (
				7D291F5A1BE0977A00E390CE /* Foundation.framework */,
				7D291F581BE0977400E390CE /* UIKit.framework */,
				7D291F561BE0976600E390CE /* CoreGraphics.framework */,
				7D291F541BE0975E00E390CE /* CoreText.framework */,
				7D291F521BE0975900E390CE /* QuartzCore.framework */,
				7D291F501BE0975100E390CE /* CoreTelephony.framework */,
				7D291F4E1BE0974C00E390CE /* SystemConfiguration.framework */,
				7D291F4C1BE0974400E390CE /* libz.dylib */,
			);
			path = Frameworks;
			sourceTree = "<group>";
		};
		7D291F601BE09C2000E390CE /* openssl */ = {
			isa = PBXGroup;
			children = (
				7D291F611BE09C2000E390CE /* aes.h */,
				7D291F621BE09C2000E390CE /* asn1.h */,
				7D291F631BE09C2000E390CE /* asn1_mac.h */,
				7D291F641BE09C2000E390CE /* asn1t.h */,
				7D291F651BE09C2000E390CE /* bio.h */,
				7D291F661BE09C2000E390CE /* blowfish.h */,
				7D291F671BE09C2000E390CE /* bn.h */,
				7D291F681BE09C2000E390CE /* buffer.h */,
				7D291F691BE09C2000E390CE /* camellia.h */,
				7D291F6A1BE09C2000E390CE /* cast.h */,
				7D291F6B1BE09C2000E390CE /* cmac.h */,
				7D291F6C1BE09C2000E390CE /* cms.h */,
				7D291F6D1BE09C2000E390CE /* comp.h */,
				7D291F6E1BE09C2000E390CE /* conf.h */,
				7D291F6F1BE09C2000E390CE /* conf_api.h */,
				7D291F701BE09C2000E390CE /* crypto.h */,
				7D291F711BE09C2000E390CE /* des.h */,
				7D291F721BE09C2000E390CE /* des_old.h */,
				7D291F731BE09C2000E390CE /* dh.h */,
				7D291F741BE09C2000E390CE /* dsa.h */,
				7D291F751BE09C2000E390CE /* dso.h */,
				7D291F761BE09C2000E390CE /* dtls1.h */,
				7D291F771BE09C2000E390CE /* e_os2.h */,
				7D291F781BE09C2000E390CE /* ebcdic.h */,
				7D291F791BE09C2000E390CE /* ec.h */,
				7D291F7A1BE09C2000E390CE /* ecdh.h */,
				7D291F7B1BE09C2000E390CE /* ecdsa.h */,
				7D291F7C1BE09C2000E390CE /* engine.h */,
				7D291F7D1BE09C2000E390CE /* err.h */,
				7D291F7E1BE09C2000E390CE /* evp.h */,
				7D291F7F1BE09C2000E390CE /* hmac.h */,
				7D291F801BE09C2000E390CE /* idea.h */,
				7D291F811BE09C2000E390CE /* krb5_asn.h */,
				7D291F821BE09C2000E390CE /* kssl.h */,
				7D291F831BE09C2000E390CE /* lhash.h */,
				7D291F841BE09C2000E390CE /* md4.h */,
				7D291F851BE09C2000E390CE /* md5.h */,
				7D291F861BE09C2000E390CE /* mdc2.h */,
				7D291F871BE09C2000E390CE /* modes.h */,
				7D291F881BE09C2000E390CE /* obj_mac.h */,
				7D291F891BE09C2000E390CE /* objects.h */,
				7D291F8A1BE09C2000E390CE /* ocsp.h */,
				7D291F8B1BE09C2000E390CE /* opensslconf.h */,
				7D291F8C1BE09C2000E390CE /* opensslv.h */,
				7D291F8D1BE09C2000E390CE /* ossl_typ.h */,
				7D291F8E1BE09C2000E390CE /* pem.h */,
				7D291F8F1BE09C2000E390CE /* pem2.h */,
				7D291F901BE09C2000E390CE /* pkcs12.h */,
				7D291F911BE09C2000E390CE /* pkcs7.h */,
				7D291F921BE09C2000E390CE /* pqueue.h */,
				7D291F931BE09C2000E390CE /* rand.h */,
				7D291F941BE09C2000E390CE /* rc2.h */,
				7D291F951BE09C2000E390CE /* rc4.h */,
				7D291F961BE09C2000E390CE /* ripemd.h */,
				7D291F971BE09C2000E390CE /* rsa.h */,
				7D291F981BE09C2000E390CE /* safestack.h */,
				7D291F991BE09C2000E390CE /* seed.h */,
				7D291F9A1BE09C2000E390CE /* sha.h */,
				7D291F9B1BE09C2000E390CE /* srp.h */,
				7D291F9C1BE09C2000E390CE /* srtp.h */,
				7D291F9D1BE09C2000E390CE /* ssl.h */,
				7D291F9E1BE09C2000E390CE /* ssl2.h */,
				7D291F9F1BE09C2000E390CE /* ssl23.h */,
				7D291FA01BE09C2000E390CE /* ssl3.h */,
				7D291FA11BE09C2000E390CE /* stack.h */,
				7D291FA21BE09C2000E390CE /* symhacks.h */,
				7D291FA31BE09C2000E390CE /* tls1.h */,
				7D291FA41BE09C2000E390CE /* ts.h */,
				7D291FA51BE09C2000E390CE /* txt_db.h */,
				7D291FA61BE09C2000E390CE /* ui.h */,
				7D291FA71BE09C2000E390CE /* ui_compat.h */,
				7D291FA81BE09C2000E390CE /* whrlpool.h */,
				7D291FA91BE09C2000E390CE /* x509.h */,
				7D291FAA1BE09C2000E390CE /* x509_vfy.h */,
				7D291FAB1BE09C2000E390CE /* x509v3.h */,
			);
			path = openssl;
			sourceTree = "<group>";
		};
		7D291FAE1BE09C2000E390CE /* Util */ = {
			isa = PBXGroup;
			children = (
				7D291FAF1BE09C2000E390CE /* base64.h */,
				7D291FB01BE09C2000E390CE /* base64.m */,
				7D291FB11BE09C2000E390CE /* config.h */,
				7D291FB21BE09C2000E390CE /* DataSigner.h */,
				7D291FB31BE09C2000E390CE /* DataSigner.m */,
				7D291FB41BE09C2000E390CE /* DataVerifier.h */,
				7D291FB51BE09C2000E390CE /* DataVerifier.m */,
				7D291FB61BE09C2000E390CE /* MD5DataSigner.h */,
				7D291FB71BE09C2000E390CE /* MD5DataSigner.m */,
				7D291FB81BE09C2000E390CE /* NSDataEx.h */,
				7D291FB91BE09C2000E390CE /* NSDataEx.m */,
				7D291FBA1BE09C2000E390CE /* openssl_wrapper.h */,
				7D291FBB1BE09C2000E390CE /* openssl_wrapper.m */,
				7D291FBC1BE09C2000E390CE /* RSADataSigner.h */,
				7D291FBD1BE09C2000E390CE /* RSADataSigner.m */,
				7D291FBE1BE09C2000E390CE /* RSADataVerifier.h */,
				7D291FBF1BE09C2000E390CE /* RSADataVerifier.m */,
			);
			path = Util;
			sourceTree = "<group>";
		};
		7D2920871BE1CBB600E390CE /* WXPaySDK */ = {
			isa = PBXGroup;
			children = (
				7D2920881BE1CBB600E390CE /* CommonUtil.h */,
				7D2920891BE1CBB600E390CE /* CommonUtil.m */,
				7D8AFF7A1BE1F5DF0007D7DB /* Constant.h */,
				7D29208B1BE1CBB600E390CE /* WeChatSDK_64 */,
				7D29208F1BE1CBB600E390CE /* WXPayClient.h */,
				7D2920901BE1CBB600E390CE /* WXPayClient.m */,
			);
			path = WXPaySDK;
			sourceTree = "<group>";
		};
		7D29208B1BE1CBB600E390CE /* WeChatSDK_64 */ = {
			isa = PBXGroup;
			children = (
				7D29208C1BE1CBB600E390CE /* libWeChatSDK.a */,
				7D29208D1BE1CBB600E390CE /* WXApi.h */,
				7D29208E1BE1CBB600E390CE /* WXApiObject.h */,
			);
			path = WeChatSDK_64;
			sourceTree = "<group>";
		};
		7EEBD7C3381C4C54897F9DFC /* Frameworks */ = {
			isa = PBXGroup;
			children = (
				06F47DB6F48F9DEC4236E303 /* libPods.a */,
			);
			name = Frameworks;
			sourceTree = "<group>";
		};
/* End PBXGroup section */

/* Begin PBXNativeTarget section */
		7D291F1C1BE08F7600E390CE /* MobilePays */ = {
			isa = PBXNativeTarget;
			buildConfigurationList = 7D291F401BE08F7600E390CE /* Build configuration list for PBXNativeTarget "MobilePays" */;
			buildPhases = (
				E783493A03207822F4DBF6A3 /* Check Pods Manifest.lock */,
				7D291F191BE08F7600E390CE /* Sources */,
				7D291F1A1BE08F7600E390CE /* Frameworks */,
				7D291F1B1BE08F7600E390CE /* Resources */,
				3CB899AF1AC2F96C7FA0DF13 /* Copy Pods Resources */,
			);
			buildRules = (
			);
			dependencies = (
			);
			name = MobilePays;
			productName = MobilePays;
			productReference = 7D291F1D1BE08F7600E390CE /* MobilePays.app */;
			productType = "com.apple.product-type.application";
		};
		7D291F351BE08F7600E390CE /* MobilePaysTests */ = {
			isa = PBXNativeTarget;
			buildConfigurationList = 7D291F431BE08F7600E390CE /* Build configuration list for PBXNativeTarget "MobilePaysTests" */;
			buildPhases = (
				7D291F321BE08F7600E390CE /* Sources */,
				7D291F331BE08F7600E390CE /* Frameworks */,
				7D291F341BE08F7600E390CE /* Resources */,
			);
			buildRules = (
			);
			dependencies = (
				7D291F381BE08F7600E390CE /* PBXTargetDependency */,
			);
			name = MobilePaysTests;
			productName = MobilePaysTests;
			productReference = 7D291F361BE08F7600E390CE /* MobilePaysTests.xctest */;
			productType = "com.apple.product-type.bundle.unit-test";
		};
/* End PBXNativeTarget section */

/* Begin PBXProject section */
		7D291F151BE08F7600E390CE /* Project object */ = {
			isa = PBXProject;
			attributes = {
				LastUpgradeCheck = 0640;
				ORGANIZATIONNAME = RL;
				TargetAttributes = {
					7D291F1C1BE08F7600E390CE = {
						CreatedOnToolsVersion = 6.4;
						DevelopmentTeam = X47A484T7X;
					};
					7D291F351BE08F7600E390CE = {
						CreatedOnToolsVersion = 6.4;
						TestTargetID = 7D291F1C1BE08F7600E390CE;
					};
				};
			};
			buildConfigurationList = 7D291F181BE08F7600E390CE /* Build configuration list for PBXProject "MobilePays" */;
			compatibilityVersion = "Xcode 3.2";
			developmentRegion = English;
			hasScannedForEncodings = 0;
			knownRegions = (
				en,
				Base,
			);
			mainGroup = 7D291F141BE08F7600E390CE;
			productRefGroup = 7D291F1E1BE08F7600E390CE /* Products */;
			projectDirPath = "";
			projectRoot = "";
			targets = (
				7D291F1C1BE08F7600E390CE /* MobilePays */,
				7D291F351BE08F7600E390CE /* MobilePaysTests */,
			);
		};
/* End PBXProject section */

/* Begin PBXResourcesBuildPhase section */
		7D291F1B1BE08F7600E390CE /* Resources */ = {
			isa = PBXResourcesBuildPhase;
			buildActionMask = 2147483647;
			files = (
				7D291F2C1BE08F7600E390CE /* Main.storyboard in Resources */,
				7D291F311BE08F7600E390CE /* LaunchScreen.xib in Resources */,
				7D291F4A1BE096F700E390CE /* AlipaySDK.bundle in Resources */,
				7D291F2E1BE08F7600E390CE /* Images.xcassets in Resources */,
			);
			runOnlyForDeploymentPostprocessing = 0;
		};
		7D291F341BE08F7600E390CE /* Resources */ = {
			isa = PBXResourcesBuildPhase;
			buildActionMask = 2147483647;
			files = (
			);
			runOnlyForDeploymentPostprocessing = 0;
		};
/* End PBXResourcesBuildPhase section */

/* Begin PBXShellScriptBuildPhase section */
		3CB899AF1AC2F96C7FA0DF13 /* Copy Pods Resources */ = {
			isa = PBXShellScriptBuildPhase;
			buildActionMask = 2147483647;
			files = (
			);
			inputPaths = (
			);
			name = "Copy Pods Resources";
			outputPaths = (
			);
			runOnlyForDeploymentPostprocessing = 0;
			shellPath = /bin/sh;
			shellScript = "\"${SRCROOT}/Pods/Target Support Files/Pods/Pods-resources.sh\"\n";
			showEnvVarsInLog = 0;
		};
		E783493A03207822F4DBF6A3 /* Check Pods Manifest.lock */ = {
			isa = PBXShellScriptBuildPhase;
			buildActionMask = 2147483647;
			files = (
			);
			inputPaths = (
			);
			name = "Check Pods Manifest.lock";
			outputPaths = (
			);
			runOnlyForDeploymentPostprocessing = 0;
			shellPath = /bin/sh;
			shellScript = "diff \"${PODS_ROOT}/../Podfile.lock\" \"${PODS_ROOT}/Manifest.lock\" > /dev/null\nif [[ $? != 0 ]] ; then\n    cat << EOM\nerror: The sandbox is not in sync with the Podfile.lock. Run 'pod install' or update your CocoaPods installation.\nEOM\n    exit 1\nfi\n";
			showEnvVarsInLog = 0;
		};
/* End PBXShellScriptBuildPhase section */

/* Begin PBXSourcesBuildPhase section */
		7D291F191BE08F7600E390CE /* Sources */ = {
			isa = PBXSourcesBuildPhase;
			buildActionMask = 2147483647;
			files = (
				7D291FC91BE09C2000E390CE /* RSADataVerifier.m in Sources */,
				7D291FC71BE09C2000E390CE /* openssl_wrapper.m in Sources */,
				7D2920911BE1CBB600E390CE /* CommonUtil.m in Sources */,
				7D291FC21BE09C2000E390CE /* base64.m in Sources */,
				7D291FC61BE09C2000E390CE /* NSDataEx.m in Sources */,
				7D291FC51BE09C2000E390CE /* MD5DataSigner.m in Sources */,
				7D291FC01BE09C2000E390CE /* APAuthV2Info.m in Sources */,
				7D291FC11BE09C2000E390CE /* Order.m in Sources */,
				7D291FC81BE09C2000E390CE /* RSADataSigner.m in Sources */,
				7D291F291BE08F7600E390CE /* ViewController.m in Sources */,
				7D291F261BE08F7600E390CE /* AppDelegate.m in Sources */,
				7D291F231BE08F7600E390CE /* main.m in Sources */,
				7D291FC31BE09C2000E390CE /* DataSigner.m in Sources */,
				7D291FC41BE09C2000E390CE /* DataVerifier.m in Sources */,
				7D2920931BE1CBB600E390CE /* WXPayClient.m in Sources */,
			);
			runOnlyForDeploymentPostprocessing = 0;
		};
		7D291F321BE08F7600E390CE /* Sources */ = {
			isa = PBXSourcesBuildPhase;
			buildActionMask = 2147483647;
			files = (
				7D291F3D1BE08F7600E390CE /* MobilePaysTests.m in Sources */,
			);
			runOnlyForDeploymentPostprocessing = 0;
		};
/* End PBXSourcesBuildPhase section */

/* Begin PBXTargetDependency section */
		7D291F381BE08F7600E390CE /* PBXTargetDependency */ = {
			isa = PBXTargetDependency;
			target = 7D291F1C1BE08F7600E390CE /* MobilePays */;
			targetProxy = 7D291F371BE08F7600E390CE /* PBXContainerItemProxy */;
		};
/* End PBXTargetDependency section */

/* Begin PBXVariantGroup section */
		7D291F2A1BE08F7600E390CE /* Main.storyboard */ = {
			isa = PBXVariantGroup;
			children = (
				7D291F2B1BE08F7600E390CE /* Base */,
			);
			name = Main.storyboard;
			sourceTree = "<group>";
		};
		7D291F2F1BE08F7600E390CE /* LaunchScreen.xib */ = {
			isa = PBXVariantGroup;
			children = (
				7D291F301BE08F7600E390CE /* Base */,
			);
			name = LaunchScreen.xib;
			sourceTree = "<group>";
		};
/* End PBXVariantGroup section */

/* Begin XCBuildConfiguration section */
		7D291F3E1BE08F7600E390CE /* Debug */ = {
			isa = XCBuildConfiguration;
			buildSettings = {
				ALWAYS_SEARCH_USER_PATHS = NO;
				CLANG_CXX_LANGUAGE_STANDARD = "gnu++0x";
				CLANG_CXX_LIBRARY = "libc++";
				CLANG_ENABLE_MODULES = YES;
				CLANG_ENABLE_OBJC_ARC = YES;
				CLANG_WARN_BOOL_CONVERSION = YES;
				CLANG_WARN_CONSTANT_CONVERSION = YES;
				CLANG_WARN_DIRECT_OBJC_ISA_USAGE = YES_ERROR;
				CLANG_WARN_EMPTY_BODY = YES;
				CLANG_WARN_ENUM_CONVERSION = YES;
				CLANG_WARN_INT_CONVERSION = YES;
				CLANG_WARN_OBJC_ROOT_CLASS = YES_ERROR;
				CLANG_WARN_UNREACHABLE_CODE = YES;
				CLANG_WARN__DUPLICATE_METHOD_MATCH = YES;
				"CODE_SIGN_IDENTITY[sdk=iphoneos*]" = "iPhone Developer";
				COPY_PHASE_STRIP = NO;
				DEBUG_INFORMATION_FORMAT = "dwarf-with-dsym";
				ENABLE_STRICT_OBJC_MSGSEND = YES;
				GCC_C_LANGUAGE_STANDARD = gnu99;
				GCC_DYNAMIC_NO_PIC = NO;
				GCC_NO_COMMON_BLOCKS = YES;
				GCC_OPTIMIZATION_LEVEL = 0;
				GCC_PREPROCESSOR_DEFINITIONS = (
					"DEBUG=1",
					"$(inherited)",
				);
				GCC_SYMBOLS_PRIVATE_EXTERN = NO;
				GCC_WARN_64_TO_32_BIT_CONVERSION = YES;
				GCC_WARN_ABOUT_RETURN_TYPE = YES_ERROR;
				GCC_WARN_UNDECLARED_SELECTOR = YES;
				GCC_WARN_UNINITIALIZED_AUTOS = YES_AGGRESSIVE;
				GCC_WARN_UNUSED_FUNCTION = YES;
				GCC_WARN_UNUSED_VARIABLE = YES;
				IPHONEOS_DEPLOYMENT_TARGET = 8.4;
				MTL_ENABLE_DEBUG_INFO = YES;
				ONLY_ACTIVE_ARCH = YES;
				SDKROOT = iphoneos;
			};
			name = Debug;
		};
		7D291F3F1BE08F7600E390CE /* Release */ = {
			isa = XCBuildConfiguration;
			buildSettings = {
				ALWAYS_SEARCH_USER_PATHS = NO;
				CLANG_CXX_LANGUAGE_STANDARD = "gnu++0x";
				CLANG_CXX_LIBRARY = "libc++";
				CLANG_ENABLE_MODULES = YES;
				CLANG_ENABLE_OBJC_ARC = YES;
				CLANG_WARN_BOOL_CONVERSION = YES;
				CLANG_WARN_CONSTANT_CONVERSION = YES;
				CLANG_WARN_DIRECT_OBJC_ISA_USAGE = YES_ERROR;
				CLANG_WARN_EMPTY_BODY = YES;
				CLANG_WARN_ENUM_CONVERSION = YES;
				CLANG_WARN_INT_CONVERSION = YES;
				CLANG_WARN_OBJC_ROOT_CLASS = YES_ERROR;
				CLANG_WARN_UNREACHABLE_CODE = YES;
				CLANG_WARN__DUPLICATE_METHOD_MATCH = YES;
				"CODE_SIGN_IDENTITY[sdk=iphoneos*]" = "iPhone Developer";
				COPY_PHASE_STRIP = NO;
				DEBUG_INFORMATION_FORMAT = "dwarf-with-dsym";
				ENABLE_NS_ASSERTIONS = NO;
				ENABLE_STRICT_OBJC_MSGSEND = YES;
				GCC_C_LANGUAGE_STANDARD = gnu99;
				GCC_NO_COMMON_BLOCKS = YES;
				GCC_WARN_64_TO_32_BIT_CONVERSION = YES;
				GCC_WARN_ABOUT_RETURN_TYPE = YES_ERROR;
				GCC_WARN_UNDECLARED_SELECTOR = YES;
				GCC_WARN_UNINITIALIZED_AUTOS = YES_AGGRESSIVE;
				GCC_WARN_UNUSED_FUNCTION = YES;
				GCC_WARN_UNUSED_VARIABLE = YES;
				IPHONEOS_DEPLOYMENT_TARGET = 8.4;
				MTL_ENABLE_DEBUG_INFO = NO;
				SDKROOT = iphoneos;
				VALIDATE_PRODUCT = YES;
			};
			name = Release;
		};
		7D291F411BE08F7600E390CE /* Debug */ = {
			isa = XCBuildConfiguration;
			baseConfigurationReference = DCC783D39B9CDCC005EC2F4D /* Pods.debug.xcconfig */;
			buildSettings = {
				ASSETCATALOG_COMPILER_APPICON_NAME = AppIcon;
				CODE_SIGN_IDENTITY = "iPhone Developer";
				"CODE_SIGN_IDENTITY[sdk=iphoneos*]" = "iPhone Developer";
				ENABLE_BITCODE = NO;
				FRAMEWORK_SEARCH_PATHS = (
					"$(inherited)",
					"$(PROJECT_DIR)/MobilePays/ThirdParty/AliPaySDK",
				);
				GCC_PRECOMPILE_PREFIX_HEADER = YES;
				GCC_PREFIX_HEADER = "$(SRCROOT)/$(PROJECT_NAME)/RLPrefix.pch";
				HEADER_SEARCH_PATHS = (
					"$(inherited)",
					/Applications/Xcode.app/Contents/Developer/Toolchains/XcodeDefault.xctoolchain/usr/include,
					"$(SRCROOT)/MobilePays/ThirdParty/AliPaySDK",
					"$(SRCROOT)/MobilePays/ThirdParty/WXPaySDK",
				);
				INFOPLIST_FILE = MobilePays/Info.plist;
				LD_RUNPATH_SEARCH_PATHS = "$(inherited) @executable_path/Frameworks";
				LIBRARY_SEARCH_PATHS = (
					"$(inherited)",
					"$(PROJECT_DIR)/MobilePays/ThirdParty/AliPaySDK",
					"$(PROJECT_DIR)/MobilePays/ThirdParty/WXPaySDK/WeChatSDK_64",
				);
				ONLY_ACTIVE_ARCH = YES;
				PRODUCT_BUNDLE_IDENTIFIER = com.lemaster.MobilePays;
				PRODUCT_NAME = "$(TARGET_NAME)";
				PROVISIONING_PROFILE = "";
				VALID_ARCHS = "armv7 arm64 armv7s";
			};
			name = Debug;
		};
		7D291F421BE08F7600E390CE /* Release */ = {
			isa = XCBuildConfiguration;
			baseConfigurationReference = 882120ACE5946B49855D338C /* Pods.release.xcconfig */;
			buildSettings = {
				ASSETCATALOG_COMPILER_APPICON_NAME = AppIcon;
				CODE_SIGN_IDENTITY = "iPhone Developer";
				"CODE_SIGN_IDENTITY[sdk=iphoneos*]" = "iPhone Developer";
				ENABLE_BITCODE = NO;
				FRAMEWORK_SEARCH_PATHS = (
					"$(inherited)",
					"$(PROJECT_DIR)/MobilePays/ThirdParty/AliPaySDK",
				);
				GCC_PRECOMPILE_PREFIX_HEADER = YES;
				GCC_PREFIX_HEADER = "$(SRCROOT)/$(PROJECT_NAME)/RLPrefix.pch";
				HEADER_SEARCH_PATHS = (
					"$(inherited)",
					/Applications/Xcode.app/Contents/Developer/Toolchains/XcodeDefault.xctoolchain/usr/include,
					"$(SRCROOT)/MobilePays/ThirdParty/AliPaySDK",
					"$(SRCROOT)/MobilePays/ThirdParty/WXPaySDK",
				);
				INFOPLIST_FILE = MobilePays/Info.plist;
				LD_RUNPATH_SEARCH_PATHS = "$(inherited) @executable_path/Frameworks";
				LIBRARY_SEARCH_PATHS = (
					"$(inherited)",
					"$(PROJECT_DIR)/MobilePays/ThirdParty/AliPaySDK",
					"$(PROJECT_DIR)/MobilePays/ThirdParty/WXPaySDK/WeChatSDK_64",
				);
				ONLY_ACTIVE_ARCH = NO;
				PRODUCT_BUNDLE_IDENTIFIER = com.lemaster.MobilePays;
				PRODUCT_NAME = "$(TARGET_NAME)";
				PROVISIONING_PROFILE = "";
				VALID_ARCHS = "armv7 arm64 armv7s";
			};
			name = Release;
		};
		7D291F441BE08F7600E390CE /* Debug */ = {
			isa = XCBuildConfiguration;
			buildSettings = {
				BUNDLE_LOADER = "$(TEST_HOST)";
				FRAMEWORK_SEARCH_PATHS = (
					"$(SDKROOT)/Developer/Library/Frameworks",
					"$(inherited)",
				);
				GCC_PREPROCESSOR_DEFINITIONS = (
					"DEBUG=1",
					"$(inherited)",
				);
				INFOPLIST_FILE = MobilePaysTests/Info.plist;
				LD_RUNPATH_SEARCH_PATHS = "$(inherited) @executable_path/Frameworks @loader_path/Frameworks";
				PRODUCT_NAME = "$(TARGET_NAME)";
				TEST_HOST = "$(BUILT_PRODUCTS_DIR)/MobilePays.app/MobilePays";
			};
			name = Debug;
		};
		7D291F451BE08F7600E390CE /* Release */ = {
			isa = XCBuildConfiguration;
			buildSettings = {
				BUNDLE_LOADER = "$(TEST_HOST)";
				FRAMEWORK_SEARCH_PATHS = (
					"$(SDKROOT)/Developer/Library/Frameworks",
					"$(inherited)",
				);
				INFOPLIST_FILE = MobilePaysTests/Info.plist;
				LD_RUNPATH_SEARCH_PATHS = "$(inherited) @executable_path/Frameworks @loader_path/Frameworks";
				PRODUCT_NAME = "$(TARGET_NAME)";
				TEST_HOST = "$(BUILT_PRODUCTS_DIR)/MobilePays.app/MobilePays";
			};
			name = Release;
		};
/* End XCBuildConfiguration section */

/* Begin XCConfigurationList section */
		7D291F181BE08F7600E390CE /* Build configuration list for PBXProject "MobilePays" */ = {
			isa = XCConfigurationList;
			buildConfigurations = (
				7D291F3E1BE08F7600E390CE /* Debug */,
				7D291F3F1BE08F7600E390CE /* Release */,
			);
			defaultConfigurationIsVisible = 0;
			defaultConfigurationName = Release;
		};
		7D291F401BE08F7600E390CE /* Build configuration list for PBXNativeTarget "MobilePays" */ = {
			isa = XCConfigurationList;
			buildConfigurations = (
				7D291F411BE08F7600E390CE /* Debug */,
				7D291F421BE08F7600E390CE /* Release */,
			);
			defaultConfigurationIsVisible = 0;
			defaultConfigurationName = Release;
		};
		7D291F431BE08F7600E390CE /* Build configuration list for PBXNativeTarget "MobilePaysTests" */ = {
			isa = XCConfigurationList;
			buildConfigurations = (
				7D291F441BE08F7600E390CE /* Debug */,
				7D291F451BE08F7600E390CE /* Release */,
			);
			defaultConfigurationIsVisible = 0;
			defaultConfigurationName = Release;
		};
/* End XCConfigurationList section */
	};
	rootObject = 7D291F151BE08F7600E390CE /* Project object */;
}
